
Microsoft Visual Studio Solution File, Format Version 12.00
# Visual Studio 15
VisualStudioVersion = 15.0.26430.16
MinimumVisualStudioVersion = 10.0.40219.1
Project("{FAE04EC0-301F-11D3-BF4B-00C04F79EFBC}") = "ZxingMvvm.Demo", "ZxingMvvm.Demo\ZxingMvvm.Demo\ZxingMvvm.Demo.csproj", "{92F4BE47-C87C-41BC-8EC9-F4DAC774ED16}"
EndProject
Project("{FAE04EC0-301F-11D3-BF4B-00C04F79EFBC}") = "ZxingMvvm.Demo.Droid", "ZxingMvvm.Demo\ZxingMvvm.Demo.Droid\ZxingMvvm.Demo.Droid.csproj", "{89BE5412-EF1C-4EDE-AF7B-1A6199F5BAC4}"
EndProject
Global
	GlobalSection(SolutionConfigurationPlatforms) = preSolution
		Debug|Any CPU = Debug|Any CPU
		Release|Any CPU = Release|Any CPU
	EndGlobalSection
	GlobalSection(ProjectConfigurationPlatforms) = postSolution
		{92F4BE47-C87C-41BC-8EC9-F4DAC774ED16}.Debug|Any CPU.ActiveCfg = Debug|Any CPU
		{92F4BE47-C87C-41BC-8EC9-F4DAC774ED16}.Debug|Any CPU.Build.0 = Debug|Any CPU
		{92F4BE47-C87C-41BC-8EC9-F4DAC774ED16}.Release|Any CPU.ActiveCfg = Release|Any CPU
		{92F4BE47-C87C-41BC-8EC9-F4DAC774ED16}.Release|Any CPU.Build.0 = Release|Any CPU
		{89BE5412-EF1C-4EDE-AF7B-1A6199F5BAC4}.Debug|Any CPU.ActiveCfg = Debug|Any CPU
		{89BE5412-EF1C-4EDE-AF7B-1A6199F5BAC4}.Debug|Any CPU.Build.0 = Debug|Any CPU
		{89BE5412-EF1C-4EDE-AF7B-1A6199F5BAC4}.Debug|Any CPU.Deploy.0 = Debug|Any CPU
		{89BE5412-EF1C-4EDE-AF7B-1A6199F5BAC4}.Release|Any CPU.ActiveCfg = Release|Any CPU
		{89BE5412-EF1C-4EDE-AF7B-1A6199F5BAC4}.Release|Any CPU.Build.0 = Release|Any CPU
		{89BE5412-EF1C-4EDE-AF7B-1A6199F5BAC4}.Release|Any CPU.Deploy.0 = Release|Any CPU
	EndGlobalSection
	GlobalSection(SolutionProperties) = preSolution
		HideSolutionNode = FALSE
	EndGlobalSection
EndGlobal
